
Microsoft Visual Studio Solution File, Format Version 12.00
# Visual Studio 14
VisualStudioVersion = 14.0.25420.1
MinimumVisualStudioVersion = 10.0.40219.1
Project("{FAE04EC0-301F-11D3-BF4B-00C04F79EFBC}") = "WindowsFormsApplication3", "WindowsFormsApplication3\WindowsFormsApplication3.csproj", "{A4BED0EB-F3ED-4480-A99C-061581067AB1}"
EndProject
Project("{FAE04EC0-301F-11D3-BF4B-00C04F79EFBC}") = "datalayer", "datalayer\datalayer.csproj", "{F611096E-79BC-40AC-820E-CC8901A8A7A8}"
EndProject
Project("{FAE04EC0-301F-11D3-BF4B-00C04F79EFBC}") = "bussinesslayer", "bussinesslayer\bussinesslayer.csproj", "{4B321E47-6080-402A-A3ED-877E03C6AC39}"
EndProject
Global
	GlobalSection(SolutionConfigurationPlatforms) = preSolution
		Debug|Any CPU = Debug|Any CPU
		Release|Any CPU = Release|Any CPU
	EndGlobalSection
	GlobalSection(ProjectConfigurationPlatforms) = postSolution
		{A4BED0EB-F3ED-4480-A99C-061581067AB1}.Debug|Any CPU.ActiveCfg = Debug|Any CPU
		{A4BED0EB-F3ED-4480-A99C-061581067AB1}.Debug|Any CPU.Build.0 = Debug|Any CPU
		{A4BED0EB-F3ED-4480-A99C-061581067AB1}.Release|Any CPU.ActiveCfg = Release|Any CPU
		{A4BED0EB-F3ED-4480-A99C-061581067AB1}.Release|Any CPU.Build.0 = Release|Any CPU
		{F611096E-79BC-40AC-820E-CC8901A8A7A8}.Debug|Any CPU.ActiveCfg = Debug|Any CPU
		{F611096E-79BC-40AC-820E-CC8901A8A7A8}.Debug|Any CPU.Build.0 = Debug|Any CPU
		{F611096E-79BC-40AC-820E-CC8901A8A7A8}.Release|Any CPU.ActiveCfg = Release|Any CPU
		{F611096E-79BC-40AC-820E-CC8901A8A7A8}.Release|Any CPU.Build.0 = Release|Any CPU
		{4B321E47-6080-402A-A3ED-877E03C6AC39}.Debug|Any CPU.ActiveCfg = Debug|Any CPU
		{4B321E47-6080-402A-A3ED-877E03C6AC39}.Debug|Any CPU.Build.0 = Debug|Any CPU
		{4B321E47-6080-402A-A3ED-877E03C6AC39}.Release|Any CPU.ActiveCfg = Release|Any CPU
		{4B321E47-6080-402A-A3ED-877E03C6AC39}.Release|Any CPU.Build.0 = Release|Any CPU
	EndGlobalSection
	GlobalSection(SolutionProperties) = preSolution
		HideSolutionNode = FALSE
	EndGlobalSection
EndGlobal
